{
    "name": "codbex-application-module",
    "lockfileVersion": 3,
    "requires": true,
    "packages": {
        "": {
            "name": "codbex-application-module",
            "dependencies": {
                "@codbex/codbex-countries": "^0.4.0"
            }
        },
        "node_modules/@codbex/codbex-countries": {
            "version": "0.4.0",
            "resolved": "https://npm.pkg.github.com/download/@codbex/codbex-countries/0.4.0/f1aca5b9b1359c0be73d7dc6de65079397275295",
            "integrity": "sha512-0tsy3HorN60LBUsnYWwDafwdflY0pBOMAmz+CHtuIkjz+38rNwZhVymQxKLy5/15UJeUHY6jqfTRPVQ7cWV08w=="
        }
    }
}
